// !$*UTF8*$!
{
	archiveVersion = 1;
	classes = {
	};
	objectVersion = 50;
	objects = {

/* Begin PBXBuildFile section */
		2805389A2505D8E300994904 /* UIFontExtensions.swift in Sources */ = {isa = PBXBuildFile; fileRef = 280538992505D8E300994904 /* UIFontExtensions.swift */; };
		2805389C2505E02500994904 /* UIColorExtensions.swift in Sources */ = {isa = PBXBuildFile; fileRef = 2805389B2505E02500994904 /* UIColorExtensions.swift */; };
		28171B8F250A745D00DE88E6 /* SearchCounterResultsViewController.swift in Sources */ = {isa = PBXBuildFile; fileRef = 28171B8D250A745D00DE88E6 /* SearchCounterResultsViewController.swift */; };
		28171B90250A745D00DE88E6 /* SearchCounterResultsViewController.xib in Resources */ = {isa = PBXBuildFile; fileRef = 28171B8E250A745D00DE88E6 /* SearchCounterResultsViewController.xib */; };
		28171B92250A7CE800DE88E6 /* SearchCounterResultsViewModel.swift in Sources */ = {isa = PBXBuildFile; fileRef = 28171B91250A7CE800DE88E6 /* SearchCounterResultsViewModel.swift */; };
		28171B94250BE77A00DE88E6 /* Defaults.swift in Sources */ = {isa = PBXBuildFile; fileRef = 28171B93250BE77900DE88E6 /* Defaults.swift */; };
		28171B96250BE7C700DE88E6 /* DefaultsKeys.swift in Sources */ = {isa = PBXBuildFile; fileRef = 28171B95250BE7C700DE88E6 /* DefaultsKeys.swift */; };
		287A9B602505838D00326890 /* CounterCellView.swift in Sources */ = {isa = PBXBuildFile; fileRef = 287A9B5E2505838D00326890 /* CounterCellView.swift */; };
		287A9B612505838D00326890 /* CounterCellView.xib in Resources */ = {isa = PBXBuildFile; fileRef = 287A9B5F2505838D00326890 /* CounterCellView.xib */; };
		28861DC42503E372003F0B88 /* AppDelegate.swift in Sources */ = {isa = PBXBuildFile; fileRef = 28861DC32503E372003F0B88 /* AppDelegate.swift */; };
		28861DC62503E372003F0B88 /* SceneDelegate.swift in Sources */ = {isa = PBXBuildFile; fileRef = 28861DC52503E372003F0B88 /* SceneDelegate.swift */; };
		28861DCB2503E372003F0B88 /* Main.storyboard in Resources */ = {isa = PBXBuildFile; fileRef = 28861DC92503E372003F0B88 /* Main.storyboard */; };
		28861DCE2503E372003F0B88 /* CoolCounter.xcdatamodeld in Sources */ = {isa = PBXBuildFile; fileRef = 28861DCC2503E372003F0B88 /* CoolCounter.xcdatamodeld */; };
		28861DD02503E374003F0B88 /* Assets.xcassets in Resources */ = {isa = PBXBuildFile; fileRef = 28861DCF2503E374003F0B88 /* Assets.xcassets */; };
		28861DD32503E374003F0B88 /* LaunchScreen.storyboard in Resources */ = {isa = PBXBuildFile; fileRef = 28861DD12503E374003F0B88 /* LaunchScreen.storyboard */; };
		28861DDE2503E375003F0B88 /* CoolCounterTests.swift in Sources */ = {isa = PBXBuildFile; fileRef = 28861DDD2503E375003F0B88 /* CoolCounterTests.swift */; };
		28861DE92503E375003F0B88 /* CoolCounterUITests.swift in Sources */ = {isa = PBXBuildFile; fileRef = 28861DE82503E375003F0B88 /* CoolCounterUITests.swift */; };
		28B5F42A2504016F0031B8FB /* CHANGELOG.md in Resources */ = {isa = PBXBuildFile; fileRef = 28B5F4292504016F0031B8FB /* CHANGELOG.md */; };
		28B5F42C250401760031B8FB /* README.md in Resources */ = {isa = PBXBuildFile; fileRef = 28B5F42B250401760031B8FB /* README.md */; };
		28B5F42F250401F70031B8FB /* Config.swift in Sources */ = {isa = PBXBuildFile; fileRef = 28B5F42E250401F70031B8FB /* Config.swift */; };
		28B5F44B25041FB20031B8FB /* HomeViewController.swift in Sources */ = {isa = PBXBuildFile; fileRef = 28B5F44925041FB20031B8FB /* HomeViewController.swift */; };
		28B5F44C25041FB20031B8FB /* HomeViewController.xib in Resources */ = {isa = PBXBuildFile; fileRef = 28B5F44A25041FB20031B8FB /* HomeViewController.xib */; };
		28B5F44E2504212B0031B8FB /* HomeViewModel.swift in Sources */ = {isa = PBXBuildFile; fileRef = 28B5F44D2504212B0031B8FB /* HomeViewModel.swift */; };
		28B5F4502504215C0031B8FB /* CounterWorker.swift in Sources */ = {isa = PBXBuildFile; fileRef = 28B5F44F2504215C0031B8FB /* CounterWorker.swift */; };
		28B5F452250421720031B8FB /* RequestHandler.swift in Sources */ = {isa = PBXBuildFile; fileRef = 28B5F451250421720031B8FB /* RequestHandler.swift */; };
		28B5F454250428120031B8FB /* CounterModel.swift in Sources */ = {isa = PBXBuildFile; fileRef = 28B5F453250428120031B8FB /* CounterModel.swift */; };
		28B5F457250559510031B8FB /* CounterInteractor.swift in Sources */ = {isa = PBXBuildFile; fileRef = 28B5F456250559510031B8FB /* CounterInteractor.swift */; };
		28B5F45925055C8C0031B8FB /* AppModel.swift in Sources */ = {isa = PBXBuildFile; fileRef = 28B5F45825055C8C0031B8FB /* AppModel.swift */; };
		28B5F45B250562120031B8FB /* UIText.swift in Sources */ = {isa = PBXBuildFile; fileRef = 28B5F45A250562120031B8FB /* UIText.swift */; };
		28C144BD2506871000E3BABB /* CounterCellViewModel.swift in Sources */ = {isa = PBXBuildFile; fileRef = 28C144BC2506871000E3BABB /* CounterCellViewModel.swift */; };
		28C144C02506DD0A00E3BABB /* CreateCounterViewController.swift in Sources */ = {isa = PBXBuildFile; fileRef = 28C144BE2506DD0A00E3BABB /* CreateCounterViewController.swift */; };
		28C144C12506DD0A00E3BABB /* CreateCounterViewController.xib in Resources */ = {isa = PBXBuildFile; fileRef = 28C144BF2506DD0A00E3BABB /* CreateCounterViewController.xib */; };
		28C144C32506F77400E3BABB /* UITextFieldExtensions.swift in Sources */ = {isa = PBXBuildFile; fileRef = 28C144C22506F77400E3BABB /* UITextFieldExtensions.swift */; };
		28C144C52507106600E3BABB /* UINavigationControllerExtensions.swift in Sources */ = {isa = PBXBuildFile; fileRef = 28C144C42507106600E3BABB /* UINavigationControllerExtensions.swift */; };
		28C144C72507C17C00E3BABB /* UIVIewExtensions.swift in Sources */ = {isa = PBXBuildFile; fileRef = 28C144C62507C17C00E3BABB /* UIVIewExtensions.swift */; };
		28C144C92507C34E00E3BABB /* CreateCounterViewModel.swift in Sources */ = {isa = PBXBuildFile; fileRef = 28C144C82507C34E00E3BABB /* CreateCounterViewModel.swift */; };
		28C144CD2507E1B400E3BABB /* UITapGestureRecognizer.swift in Sources */ = {isa = PBXBuildFile; fileRef = 28C144CC2507E1B400E3BABB /* UITapGestureRecognizer.swift */; };
		28C144D12509041700E3BABB /* CounterExamplesViewController.swift in Sources */ = {isa = PBXBuildFile; fileRef = 28C144CF2509041700E3BABB /* CounterExamplesViewController.swift */; };
		28C144D22509041700E3BABB /* CounterExamplesViewController.xib in Resources */ = {isa = PBXBuildFile; fileRef = 28C144D02509041700E3BABB /* CounterExamplesViewController.xib */; };
		28C144D42509043600E3BABB /* CounterExamplesViewModel.swift in Sources */ = {isa = PBXBuildFile; fileRef = 28C144D32509043600E3BABB /* CounterExamplesViewModel.swift */; };
		28C144D7250914AC00E3BABB /* CounterExampleItem.swift in Sources */ = {isa = PBXBuildFile; fileRef = 28C144D6250914AC00E3BABB /* CounterExampleItem.swift */; };
		28C144D9250914F700E3BABB /* CounterExampleItem.xib in Resources */ = {isa = PBXBuildFile; fileRef = 28C144D8250914F700E3BABB /* CounterExampleItem.xib */; };
		28C144DC2509743D00E3BABB /* InsetMessageView.swift in Sources */ = {isa = PBXBuildFile; fileRef = 28C144DB2509743D00E3BABB /* InsetMessageView.swift */; };
		28C144DE2509744800E3BABB /* InsetMessageView.xib in Resources */ = {isa = PBXBuildFile; fileRef = 28C144DD2509744800E3BABB /* InsetMessageView.xib */; };
/* End PBXBuildFile section */

/* Begin PBXContainerItemProxy section */
		28861DDA2503E375003F0B88 /* PBXContainerItemProxy */ = {
			isa = PBXContainerItemProxy;
			containerPortal = 28861DB82503E372003F0B88 /* Project object */;
			proxyType = 1;
			remoteGlobalIDString = 28861DBF2503E372003F0B88;
			remoteInfo = CoolCounter;
		};
		28861DE52503E375003F0B88 /* PBXContainerItemProxy */ = {
			isa = PBXContainerItemProxy;
			containerPortal = 28861DB82503E372003F0B88 /* Project object */;
			proxyType = 1;
			remoteGlobalIDString = 28861DBF2503E372003F0B88;
			remoteInfo = CoolCounter;
		};
/* End PBXContainerItemProxy section */

/* Begin PBXFileReference section */
		280538992505D8E300994904 /* UIFontExtensions.swift */ = {isa = PBXFileReference; lastKnownFileType = sourcecode.swift; path = UIFontExtensions.swift; sourceTree = "<group>"; };
		2805389B2505E02500994904 /* UIColorExtensions.swift */ = {isa = PBXFileReference; lastKnownFileType = sourcecode.swift; path = UIColorExtensions.swift; sourceTree = "<group>"; };
		28171B8D250A745D00DE88E6 /* SearchCounterResultsViewController.swift */ = {isa = PBXFileReference; lastKnownFileType = sourcecode.swift; path = SearchCounterResultsViewController.swift; sourceTree = "<group>"; };
		28171B8E250A745D00DE88E6 /* SearchCounterResultsViewController.xib */ = {isa = PBXFileReference; lastKnownFileType = file.xib; path = SearchCounterResultsViewController.xib; sourceTree = "<group>"; };
		28171B91250A7CE800DE88E6 /* SearchCounterResultsViewModel.swift */ = {isa = PBXFileReference; lastKnownFileType = sourcecode.swift; path = SearchCounterResultsViewModel.swift; sourceTree = "<group>"; };
		28171B93250BE77900DE88E6 /* Defaults.swift */ = {isa = PBXFileReference; lastKnownFileType = sourcecode.swift; path = Defaults.swift; sourceTree = "<group>"; };
		28171B95250BE7C700DE88E6 /* DefaultsKeys.swift */ = {isa = PBXFileReference; lastKnownFileType = sourcecode.swift; path = DefaultsKeys.swift; sourceTree = "<group>"; };
		287A9B5E2505838D00326890 /* CounterCellView.swift */ = {isa = PBXFileReference; lastKnownFileType = sourcecode.swift; path = CounterCellView.swift; sourceTree = "<group>"; };
		287A9B5F2505838D00326890 /* CounterCellView.xib */ = {isa = PBXFileReference; lastKnownFileType = file.xib; path = CounterCellView.xib; sourceTree = "<group>"; };
		28861DC02503E372003F0B88 /* CoolCounter.app */ = {isa = PBXFileReference; explicitFileType = wrapper.application; includeInIndex = 0; path = CoolCounter.app; sourceTree = BUILT_PRODUCTS_DIR; };
		28861DC32503E372003F0B88 /* AppDelegate.swift */ = {isa = PBXFileReference; lastKnownFileType = sourcecode.swift; path = AppDelegate.swift; sourceTree = "<group>"; };
		28861DC52503E372003F0B88 /* SceneDelegate.swift */ = {isa = PBXFileReference; lastKnownFileType = sourcecode.swift; path = SceneDelegate.swift; sourceTree = "<group>"; };
		28861DCA2503E372003F0B88 /* Base */ = {isa = PBXFileReference; lastKnownFileType = file.storyboard; name = Base; path = Base.lproj/Main.storyboard; sourceTree = "<group>"; };
		28861DCD2503E372003F0B88 /* CoolCounter.xcdatamodel */ = {isa = PBXFileReference; lastKnownFileType = wrapper.xcdatamodel; path = CoolCounter.xcdatamodel; sourceTree = "<group>"; };
		28861DCF2503E374003F0B88 /* Assets.xcassets */ = {isa = PBXFileReference; lastKnownFileType = folder.assetcatalog; path = Assets.xcassets; sourceTree = "<group>"; };
		28861DD22503E374003F0B88 /* Base */ = {isa = PBXFileReference; lastKnownFileType = file.storyboard; name = Base; path = Base.lproj/LaunchScreen.storyboard; sourceTree = "<group>"; };
		28861DD42503E374003F0B88 /* Info.plist */ = {isa = PBXFileReference; lastKnownFileType = text.plist.xml; path = Info.plist; sourceTree = "<group>"; };
		28861DD92503E375003F0B88 /* CoolCounterTests.xctest */ = {isa = PBXFileReference; explicitFileType = wrapper.cfbundle; includeInIndex = 0; path = CoolCounterTests.xctest; sourceTree = BUILT_PRODUCTS_DIR; };
		28861DDD2503E375003F0B88 /* CoolCounterTests.swift */ = {isa = PBXFileReference; lastKnownFileType = sourcecode.swift; path = CoolCounterTests.swift; sourceTree = "<group>"; };
		28861DDF2503E375003F0B88 /* Info.plist */ = {isa = PBXFileReference; lastKnownFileType = text.plist.xml; path = Info.plist; sourceTree = "<group>"; };
		28861DE42503E375003F0B88 /* CoolCounterUITests.xctest */ = {isa = PBXFileReference; explicitFileType = wrapper.cfbundle; includeInIndex = 0; path = CoolCounterUITests.xctest; sourceTree = BUILT_PRODUCTS_DIR; };
		28861DE82503E375003F0B88 /* CoolCounterUITests.swift */ = {isa = PBXFileReference; lastKnownFileType = sourcecode.swift; path = CoolCounterUITests.swift; sourceTree = "<group>"; };
		28861DEA2503E375003F0B88 /* Info.plist */ = {isa = PBXFileReference; lastKnownFileType = text.plist.xml; path = Info.plist; sourceTree = "<group>"; };
		28B5F4292504016F0031B8FB /* CHANGELOG.md */ = {isa = PBXFileReference; fileEncoding = 4; lastKnownFileType = net.daringfireball.markdown; path = CHANGELOG.md; sourceTree = "<group>"; };
		28B5F42B250401760031B8FB /* README.md */ = {isa = PBXFileReference; fileEncoding = 4; lastKnownFileType = net.daringfireball.markdown; path = README.md; sourceTree = "<group>"; };
		28B5F42E250401F70031B8FB /* Config.swift */ = {isa = PBXFileReference; lastKnownFileType = sourcecode.swift; path = Config.swift; sourceTree = "<group>"; };
		28B5F44925041FB20031B8FB /* HomeViewController.swift */ = {isa = PBXFileReference; lastKnownFileType = sourcecode.swift; path = HomeViewController.swift; sourceTree = "<group>"; };
		28B5F44A25041FB20031B8FB /* HomeViewController.xib */ = {isa = PBXFileReference; lastKnownFileType = file.xib; path = HomeViewController.xib; sourceTree = "<group>"; };
		28B5F44D2504212B0031B8FB /* HomeViewModel.swift */ = {isa = PBXFileReference; lastKnownFileType = sourcecode.swift; path = HomeViewModel.swift; sourceTree = "<group>"; };
		28B5F44F2504215C0031B8FB /* CounterWorker.swift */ = {isa = PBXFileReference; lastKnownFileType = sourcecode.swift; path = CounterWorker.swift; sourceTree = "<group>"; };
		28B5F451250421720031B8FB /* RequestHandler.swift */ = {isa = PBXFileReference; lastKnownFileType = sourcecode.swift; path = RequestHandler.swift; sourceTree = "<group>"; };
		28B5F453250428120031B8FB /* CounterModel.swift */ = {isa = PBXFileReference; lastKnownFileType = sourcecode.swift; path = CounterModel.swift; sourceTree = "<group>"; };
		28B5F456250559510031B8FB /* CounterInteractor.swift */ = {isa = PBXFileReference; lastKnownFileType = sourcecode.swift; path = CounterInteractor.swift; sourceTree = "<group>"; };
		28B5F45825055C8C0031B8FB /* AppModel.swift */ = {isa = PBXFileReference; lastKnownFileType = sourcecode.swift; path = AppModel.swift; sourceTree = "<group>"; };
		28B5F45A250562120031B8FB /* UIText.swift */ = {isa = PBXFileReference; lastKnownFileType = sourcecode.swift; path = UIText.swift; sourceTree = "<group>"; };
		28C144BC2506871000E3BABB /* CounterCellViewModel.swift */ = {isa = PBXFileReference; lastKnownFileType = sourcecode.swift; path = CounterCellViewModel.swift; sourceTree = "<group>"; };
		28C144BE2506DD0A00E3BABB /* CreateCounterViewController.swift */ = {isa = PBXFileReference; lastKnownFileType = sourcecode.swift; path = CreateCounterViewController.swift; sourceTree = "<group>"; };
		28C144BF2506DD0A00E3BABB /* CreateCounterViewController.xib */ = {isa = PBXFileReference; lastKnownFileType = file.xib; path = CreateCounterViewController.xib; sourceTree = "<group>"; };
		28C144C22506F77400E3BABB /* UITextFieldExtensions.swift */ = {isa = PBXFileReference; lastKnownFileType = sourcecode.swift; path = UITextFieldExtensions.swift; sourceTree = "<group>"; };
		28C144C42507106600E3BABB /* UINavigationControllerExtensions.swift */ = {isa = PBXFileReference; lastKnownFileType = sourcecode.swift; path = UINavigationControllerExtensions.swift; sourceTree = "<group>"; };
		28C144C62507C17C00E3BABB /* UIVIewExtensions.swift */ = {isa = PBXFileReference; lastKnownFileType = sourcecode.swift; path = UIVIewExtensions.swift; sourceTree = "<group>"; };
		28C144C82507C34E00E3BABB /* CreateCounterViewModel.swift */ = {isa = PBXFileReference; lastKnownFileType = sourcecode.swift; path = CreateCounterViewModel.swift; sourceTree = "<group>"; };
		28C144CC2507E1B400E3BABB /* UITapGestureRecognizer.swift */ = {isa = PBXFileReference; lastKnownFileType = sourcecode.swift; path = UITapGestureRecognizer.swift; sourceTree = "<group>"; };
		28C144CF2509041700E3BABB /* CounterExamplesViewController.swift */ = {isa = PBXFileReference; lastKnownFileType = sourcecode.swift; path = CounterExamplesViewController.swift; sourceTree = "<group>"; };
		28C144D02509041700E3BABB /* CounterExamplesViewController.xib */ = {isa = PBXFileReference; lastKnownFileType = file.xib; path = CounterExamplesViewController.xib; sourceTree = "<group>"; };
		28C144D32509043600E3BABB /* CounterExamplesViewModel.swift */ = {isa = PBXFileReference; lastKnownFileType = sourcecode.swift; path = CounterExamplesViewModel.swift; sourceTree = "<group>"; };
		28C144D6250914AC00E3BABB /* CounterExampleItem.swift */ = {isa = PBXFileReference; lastKnownFileType = sourcecode.swift; path = CounterExampleItem.swift; sourceTree = "<group>"; };
		28C144D8250914F700E3BABB /* CounterExampleItem.xib */ = {isa = PBXFileReference; lastKnownFileType = file.xib; path = CounterExampleItem.xib; sourceTree = "<group>"; };
		28C144DB2509743D00E3BABB /* InsetMessageView.swift */ = {isa = PBXFileReference; lastKnownFileType = sourcecode.swift; path = InsetMessageView.swift; sourceTree = "<group>"; };
		28C144DD2509744800E3BABB /* InsetMessageView.xib */ = {isa = PBXFileReference; lastKnownFileType = file.xib; path = InsetMessageView.xib; sourceTree = "<group>"; };
/* End PBXFileReference section */

/* Begin PBXFrameworksBuildPhase section */
		28861DBD2503E372003F0B88 /* Frameworks */ = {
			isa = PBXFrameworksBuildPhase;
			buildActionMask = 2147483647;
			files = (
			);
			runOnlyForDeploymentPostprocessing = 0;
		};
		28861DD62503E375003F0B88 /* Frameworks */ = {
			isa = PBXFrameworksBuildPhase;
			buildActionMask = 2147483647;
			files = (
			);
			runOnlyForDeploymentPostprocessing = 0;
		};
		28861DE12503E375003F0B88 /* Frameworks */ = {
			isa = PBXFrameworksBuildPhase;
			buildActionMask = 2147483647;
			files = (
			);
			runOnlyForDeploymentPostprocessing = 0;
		};
/* End PBXFrameworksBuildPhase section */

/* Begin PBXGroup section */
		280538982505D87800994904 /* Extensions */ = {
			isa = PBXGroup;
			children = (
				280538992505D8E300994904 /* UIFontExtensions.swift */,
				2805389B2505E02500994904 /* UIColorExtensions.swift */,
				28C144C22506F77400E3BABB /* UITextFieldExtensions.swift */,
				28C144C42507106600E3BABB /* UINavigationControllerExtensions.swift */,
				28C144C62507C17C00E3BABB /* UIVIewExtensions.swift */,
				28C144CC2507E1B400E3BABB /* UITapGestureRecognizer.swift */,
			);
			path = Extensions;
			sourceTree = "<group>";
		};
		28171B88250A73C400DE88E6 /* SearchCounterResults */ = {
			isa = PBXGroup;
			children = (
				28171B8D250A745D00DE88E6 /* SearchCounterResultsViewController.swift */,
				28171B8E250A745D00DE88E6 /* SearchCounterResultsViewController.xib */,
				28171B91250A7CE800DE88E6 /* SearchCounterResultsViewModel.swift */,
			);
			path = SearchCounterResults;
			sourceTree = "<group>";
		};
		287A9B55250579B200326890 /* CounterCell */ = {
			isa = PBXGroup;
			children = (
				287A9B5E2505838D00326890 /* CounterCellView.swift */,
				287A9B5F2505838D00326890 /* CounterCellView.xib */,
				28C144BC2506871000E3BABB /* CounterCellViewModel.swift */,
			);
			path = CounterCell;
			sourceTree = "<group>";
		};
		28861DB72503E372003F0B88 = {
			isa = PBXGroup;
			children = (
				28B5F4292504016F0031B8FB /* CHANGELOG.md */,
				28B5F42B250401760031B8FB /* README.md */,
				28861DC22503E372003F0B88 /* CoolCounter */,
				28861DDC2503E375003F0B88 /* CoolCounterTests */,
				28861DE72503E375003F0B88 /* CoolCounterUITests */,
				28861DC12503E372003F0B88 /* Products */,
			);
			sourceTree = "<group>";
		};
		28861DC12503E372003F0B88 /* Products */ = {
			isa = PBXGroup;
			children = (
				28861DC02503E372003F0B88 /* CoolCounter.app */,
				28861DD92503E375003F0B88 /* CoolCounterTests.xctest */,
				28861DE42503E375003F0B88 /* CoolCounterUITests.xctest */,
			);
			name = Products;
			sourceTree = "<group>";
		};
		28861DC22503E372003F0B88 /* CoolCounter */ = {
			isa = PBXGroup;
			children = (
				28B5F43825040D050031B8FB /* System */,
				28B5F42D250401E40031B8FB /* Config */,
				280538982505D87800994904 /* Extensions */,
				28B5F43B250417290031B8FB /* Model */,
				28B5F43C250417B30031B8FB /* Workers */,
				28B5F455250559310031B8FB /* Interactor */,
				28B5F43A2504171C0031B8FB /* UI */,
				28861DC92503E372003F0B88 /* Main.storyboard */,
				28861DCF2503E374003F0B88 /* Assets.xcassets */,
				28861DD12503E374003F0B88 /* LaunchScreen.storyboard */,
				28861DD42503E374003F0B88 /* Info.plist */,
				28861DCC2503E372003F0B88 /* CoolCounter.xcdatamodeld */,
			);
			path = CoolCounter;
			sourceTree = "<group>";
		};
		28861DDC2503E375003F0B88 /* CoolCounterTests */ = {
			isa = PBXGroup;
			children = (
				28861DDD2503E375003F0B88 /* CoolCounterTests.swift */,
				28861DDF2503E375003F0B88 /* Info.plist */,
			);
			path = CoolCounterTests;
			sourceTree = "<group>";
		};
		28861DE72503E375003F0B88 /* CoolCounterUITests */ = {
			isa = PBXGroup;
			children = (
				28861DE82503E375003F0B88 /* CoolCounterUITests.swift */,
				28861DEA2503E375003F0B88 /* Info.plist */,
			);
			path = CoolCounterUITests;
			sourceTree = "<group>";
		};
		28B5F42D250401E40031B8FB /* Config */ = {
			isa = PBXGroup;
			children = (
				28B5F42E250401F70031B8FB /* Config.swift */,
			);
			path = Config;
			sourceTree = "<group>";
		};
		28B5F43825040D050031B8FB /* System */ = {
			isa = PBXGroup;
			children = (
				28861DC32503E372003F0B88 /* AppDelegate.swift */,
				28861DC52503E372003F0B88 /* SceneDelegate.swift */,
			);
			path = System;
			sourceTree = "<group>";
		};
		28B5F43A2504171C0031B8FB /* UI */ = {
			isa = PBXGroup;
			children = (
				287A9B55250579B200326890 /* CounterCell */,
				28B5F44225041F2D0031B8FB /* CreateCounter */,
				28C144CE2509034B00E3BABB /* CounterExamples */,
				28B5F43D250418120031B8FB /* Home */,
				28C144DA2509739F00E3BABB /* InsetMessage */,
				28171B88250A73C400DE88E6 /* SearchCounterResults */,
				28B5F45A250562120031B8FB /* UIText.swift */,
			);
			path = UI;
			sourceTree = "<group>";
		};
		28B5F43B250417290031B8FB /* Model */ = {
			isa = PBXGroup;
			children = (
				28B5F45825055C8C0031B8FB /* AppModel.swift */,
				28B5F453250428120031B8FB /* CounterModel.swift */,
				28171B95250BE7C700DE88E6 /* DefaultsKeys.swift */,
			);
			path = Model;
			sourceTree = "<group>";
		};
		28B5F43C250417B30031B8FB /* Workers */ = {
			isa = PBXGroup;
			children = (
				28B5F44F2504215C0031B8FB /* CounterWorker.swift */,
				28B5F451250421720031B8FB /* RequestHandler.swift */,
				28171B93250BE77900DE88E6 /* Defaults.swift */,
			);
			path = Workers;
			sourceTree = "<group>";
		};
		28B5F43D250418120031B8FB /* Home */ = {
			isa = PBXGroup;
			children = (
				28B5F44925041FB20031B8FB /* HomeViewController.swift */,
				28B5F44A25041FB20031B8FB /* HomeViewController.xib */,
				28B5F44D2504212B0031B8FB /* HomeViewModel.swift */,
			);
			path = Home;
			sourceTree = "<group>";
		};
		28B5F44225041F2D0031B8FB /* CreateCounter */ = {
			isa = PBXGroup;
			children = (
				28C144BE2506DD0A00E3BABB /* CreateCounterViewController.swift */,
				28C144BF2506DD0A00E3BABB /* CreateCounterViewController.xib */,
				28C144C82507C34E00E3BABB /* CreateCounterViewModel.swift */,
			);
			path = CreateCounter;
			sourceTree = "<group>";
		};
		28B5F455250559310031B8FB /* Interactor */ = {
			isa = PBXGroup;
			children = (
				28B5F456250559510031B8FB /* CounterInteractor.swift */,
			);
			path = Interactor;
			sourceTree = "<group>";
		};
		28C144CE2509034B00E3BABB /* CounterExamples */ = {
			isa = PBXGroup;
			children = (
				28C144D52509147400E3BABB /* CounterExampleItem */,
				28C144CF2509041700E3BABB /* CounterExamplesViewController.swift */,
				28C144D02509041700E3BABB /* CounterExamplesViewController.xib */,
				28C144D32509043600E3BABB /* CounterExamplesViewModel.swift */,
			);
			path = CounterExamples;
			sourceTree = "<group>";
		};
		28C144D52509147400E3BABB /* CounterExampleItem */ = {
			isa = PBXGroup;
			children = (
				28C144D6250914AC00E3BABB /* CounterExampleItem.swift */,
				28C144D8250914F700E3BABB /* CounterExampleItem.xib */,
			);
			path = CounterExampleItem;
			sourceTree = "<group>";
		};
		28C144DA2509739F00E3BABB /* InsetMessage */ = {
			isa = PBXGroup;
			children = (
				28C144DB2509743D00E3BABB /* InsetMessageView.swift */,
				28C144DD2509744800E3BABB /* InsetMessageView.xib */,
			);
			path = InsetMessage;
			sourceTree = "<group>";
		};
/* End PBXGroup section */

/* Begin PBXNativeTarget section */
		28861DBF2503E372003F0B88 /* CoolCounter */ = {
			isa = PBXNativeTarget;
			buildConfigurationList = 28861DED2503E375003F0B88 /* Build configuration list for PBXNativeTarget "CoolCounter" */;
			buildPhases = (
				28861DBC2503E372003F0B88 /* Sources */,
				28861DBD2503E372003F0B88 /* Frameworks */,
				28861DBE2503E372003F0B88 /* Resources */,
				28B5F4282503F97A0031B8FB /* Swiftlint */,
			);
			buildRules = (
			);
			dependencies = (
			);
			name = CoolCounter;
			productName = CoolCounter;
			productReference = 28861DC02503E372003F0B88 /* CoolCounter.app */;
			productType = "com.apple.product-type.application";
		};
		28861DD82503E375003F0B88 /* CoolCounterTests */ = {
			isa = PBXNativeTarget;
			buildConfigurationList = 28861DF02503E375003F0B88 /* Build configuration list for PBXNativeTarget "CoolCounterTests" */;
			buildPhases = (
				28861DD52503E375003F0B88 /* Sources */,
				28861DD62503E375003F0B88 /* Frameworks */,
				28861DD72503E375003F0B88 /* Resources */,
			);
			buildRules = (
			);
			dependencies = (
				28861DDB2503E375003F0B88 /* PBXTargetDependency */,
			);
			name = CoolCounterTests;
			productName = CoolCounterTests;
			productReference = 28861DD92503E375003F0B88 /* CoolCounterTests.xctest */;
			productType = "com.apple.product-type.bundle.unit-test";
		};
		28861DE32503E375003F0B88 /* CoolCounterUITests */ = {
			isa = PBXNativeTarget;
			buildConfigurationList = 28861DF32503E375003F0B88 /* Build configuration list for PBXNativeTarget "CoolCounterUITests" */;
			buildPhases = (
				28861DE02503E375003F0B88 /* Sources */,
				28861DE12503E375003F0B88 /* Frameworks */,
				28861DE22503E375003F0B88 /* Resources */,
			);
			buildRules = (
			);
			dependencies = (
				28861DE62503E375003F0B88 /* PBXTargetDependency */,
			);
			name = CoolCounterUITests;
			productName = CoolCounterUITests;
			productReference = 28861DE42503E375003F0B88 /* CoolCounterUITests.xctest */;
			productType = "com.apple.product-type.bundle.ui-testing";
		};
/* End PBXNativeTarget section */

/* Begin PBXProject section */
		28861DB82503E372003F0B88 /* Project object */ = {
			isa = PBXProject;
			attributes = {
				LastSwiftUpdateCheck = 1170;
				LastUpgradeCheck = 1170;
				ORGANIZATIONNAME = "Luis Zapata";
				TargetAttributes = {
					28861DBF2503E372003F0B88 = {
						CreatedOnToolsVersion = 11.7;
					};
					28861DD82503E375003F0B88 = {
						CreatedOnToolsVersion = 11.7;
						TestTargetID = 28861DBF2503E372003F0B88;
					};
					28861DE32503E375003F0B88 = {
						CreatedOnToolsVersion = 11.7;
						TestTargetID = 28861DBF2503E372003F0B88;
					};
				};
			};
			buildConfigurationList = 28861DBB2503E372003F0B88 /* Build configuration list for PBXProject "CoolCounter" */;
			compatibilityVersion = "Xcode 9.3";
			developmentRegion = en;
			hasScannedForEncodings = 0;
			knownRegions = (
				en,
				Base,
			);
			mainGroup = 28861DB72503E372003F0B88;
			productRefGroup = 28861DC12503E372003F0B88 /* Products */;
			projectDirPath = "";
			projectRoot = "";
			targets = (
				28861DBF2503E372003F0B88 /* CoolCounter */,
				28861DD82503E375003F0B88 /* CoolCounterTests */,
				28861DE32503E375003F0B88 /* CoolCounterUITests */,
			);
		};
/* End PBXProject section */

/* Begin PBXResourcesBuildPhase section */
		28861DBE2503E372003F0B88 /* Resources */ = {
			isa = PBXResourcesBuildPhase;
			buildActionMask = 2147483647;
			files = (
				287A9B612505838D00326890 /* CounterCellView.xib in Resources */,
				28861DD32503E374003F0B88 /* LaunchScreen.storyboard in Resources */,
				28C144DE2509744800E3BABB /* InsetMessageView.xib in Resources */,
				28861DD02503E374003F0B88 /* Assets.xcassets in Resources */,
				28C144C12506DD0A00E3BABB /* CreateCounterViewController.xib in Resources */,
				28C144D22509041700E3BABB /* CounterExamplesViewController.xib in Resources */,
				28171B90250A745D00DE88E6 /* SearchCounterResultsViewController.xib in Resources */,
				28B5F42C250401760031B8FB /* README.md in Resources */,
				28C144D9250914F700E3BABB /* CounterExampleItem.xib in Resources */,
				28861DCB2503E372003F0B88 /* Main.storyboard in Resources */,
				28B5F44C25041FB20031B8FB /* HomeViewController.xib in Resources */,
				28B5F42A2504016F0031B8FB /* CHANGELOG.md in Resources */,
			);
			runOnlyForDeploymentPostprocessing = 0;
		};
		28861DD72503E375003F0B88 /* Resources */ = {
			isa = PBXResourcesBuildPhase;
			buildActionMask = 2147483647;
			files = (
			);
			runOnlyForDeploymentPostprocessing = 0;
		};
		28861DE22503E375003F0B88 /* Resources */ = {
			isa = PBXResourcesBuildPhase;
			buildActionMask = 2147483647;
			files = (
			);
			runOnlyForDeploymentPostprocessing = 0;
		};
/* End PBXResourcesBuildPhase section */

/* Begin PBXShellScriptBuildPhase section */
		28B5F4282503F97A0031B8FB /* Swiftlint */ = {
			isa = PBXShellScriptBuildPhase;
			buildActionMask = 2147483647;
			files = (
			);
			inputFileListPaths = (
			);
			inputPaths = (
			);
			name = Swiftlint;
			outputFileListPaths = (
			);
			outputPaths = (
			);
			runOnlyForDeploymentPostprocessing = 0;
			shellPath = /bin/sh;
			shellScript = "if which swiftlint >/dev/null; then\n  swiftlint\nelse\n  echo \"warning: SwiftLint not installed, download from https://github.com/realm/SwiftLint\"\nfi\n";
		};
/* End PBXShellScriptBuildPhase section */

/* Begin PBXSourcesBuildPhase section */
		28861DBC2503E372003F0B88 /* Sources */ = {
			isa = PBXSourcesBuildPhase;
			buildActionMask = 2147483647;
			files = (
				28C144CD2507E1B400E3BABB /* UITapGestureRecognizer.swift in Sources */,
				28B5F4502504215C0031B8FB /* CounterWorker.swift in Sources */,
				28C144DC2509743D00E3BABB /* InsetMessageView.swift in Sources */,
				28861DCE2503E372003F0B88 /* CoolCounter.xcdatamodeld in Sources */,
				28C144C72507C17C00E3BABB /* UIVIewExtensions.swift in Sources */,
				2805389A2505D8E300994904 /* UIFontExtensions.swift in Sources */,
				28171B92250A7CE800DE88E6 /* SearchCounterResultsViewModel.swift in Sources */,
				28C144C92507C34E00E3BABB /* CreateCounterViewModel.swift in Sources */,
				28C144D7250914AC00E3BABB /* CounterExampleItem.swift in Sources */,
				28C144C32506F77400E3BABB /* UITextFieldExtensions.swift in Sources */,
				28171B8F250A745D00DE88E6 /* SearchCounterResultsViewController.swift in Sources */,
				287A9B602505838D00326890 /* CounterCellView.swift in Sources */,
				28B5F42F250401F70031B8FB /* Config.swift in Sources */,
				28C144BD2506871000E3BABB /* CounterCellViewModel.swift in Sources */,
				28C144C02506DD0A00E3BABB /* CreateCounterViewController.swift in Sources */,
				28B5F44E2504212B0031B8FB /* HomeViewModel.swift in Sources */,
				28B5F45B250562120031B8FB /* UIText.swift in Sources */,
				28B5F454250428120031B8FB /* CounterModel.swift in Sources */,
				28B5F457250559510031B8FB /* CounterInteractor.swift in Sources */,
				28861DC42503E372003F0B88 /* AppDelegate.swift in Sources */,
				28B5F45925055C8C0031B8FB /* AppModel.swift in Sources */,
				28B5F452250421720031B8FB /* RequestHandler.swift in Sources */,
				28861DC62503E372003F0B88 /* SceneDelegate.swift in Sources */,
				28C144D12509041700E3BABB /* CounterExamplesViewController.swift in Sources */,
				28C144D42509043600E3BABB /* CounterExamplesViewModel.swift in Sources */,
				28171B96250BE7C700DE88E6 /* DefaultsKeys.swift in Sources */,
				28B5F44B25041FB20031B8FB /* HomeViewController.swift in Sources */,
				28171B94250BE77A00DE88E6 /* Defaults.swift in Sources */,
				28C144C52507106600E3BABB /* UINavigationControllerExtensions.swift in Sources */,
				2805389C2505E02500994904 /* UIColorExtensions.swift in Sources */,
			);
			runOnlyForDeploymentPostprocessing = 0;
		};
		28861DD52503E375003F0B88 /* Sources */ = {
			isa = PBXSourcesBuildPhase;
			buildActionMask = 2147483647;
			files = (
				28861DDE2503E375003F0B88 /* CoolCounterTests.swift in Sources */,
			);
			runOnlyForDeploymentPostprocessing = 0;
		};
		28861DE02503E375003F0B88 /* Sources */ = {
			isa = PBXSourcesBuildPhase;
			buildActionMask = 2147483647;
			files = (
				28861DE92503E375003F0B88 /* CoolCounterUITests.swift in Sources */,
			);
			runOnlyForDeploymentPostprocessing = 0;
		};
/* End PBXSourcesBuildPhase section */

/* Begin PBXTargetDependency section */
		28861DDB2503E375003F0B88 /* PBXTargetDependency */ = {
			isa = PBXTargetDependency;
			target = 28861DBF2503E372003F0B88 /* CoolCounter */;
			targetProxy = 28861DDA2503E375003F0B88 /* PBXContainerItemProxy */;
		};
		28861DE62503E375003F0B88 /* PBXTargetDependency */ = {
			isa = PBXTargetDependency;
			target = 28861DBF2503E372003F0B88 /* CoolCounter */;
			targetProxy = 28861DE52503E375003F0B88 /* PBXContainerItemProxy */;
		};
/* End PBXTargetDependency section */

/* Begin PBXVariantGroup section */
		28861DC92503E372003F0B88 /* Main.storyboard */ = {
			isa = PBXVariantGroup;
			children = (
				28861DCA2503E372003F0B88 /* Base */,
			);
			name = Main.storyboard;
			sourceTree = "<group>";
		};
		28861DD12503E374003F0B88 /* LaunchScreen.storyboard */ = {
			isa = PBXVariantGroup;
			children = (
				28861DD22503E374003F0B88 /* Base */,
			);
			name = LaunchScreen.storyboard;
			sourceTree = "<group>";
		};
/* End PBXVariantGroup section */

/* Begin XCBuildConfiguration section */
		28861DEB2503E375003F0B88 /* DebugProd */ = {
			isa = XCBuildConfiguration;
			buildSettings = {
				ALWAYS_SEARCH_USER_PATHS = NO;
				CLANG_ANALYZER_NONNULL = YES;
				CLANG_ANALYZER_NUMBER_OBJECT_CONVERSION = YES_AGGRESSIVE;
				CLANG_CXX_LANGUAGE_STANDARD = "gnu++14";
				CLANG_CXX_LIBRARY = "libc++";
				CLANG_ENABLE_MODULES = YES;
				CLANG_ENABLE_OBJC_ARC = YES;
				CLANG_ENABLE_OBJC_WEAK = YES;
				CLANG_WARN_BLOCK_CAPTURE_AUTORELEASING = YES;
				CLANG_WARN_BOOL_CONVERSION = YES;
				CLANG_WARN_COMMA = YES;
				CLANG_WARN_CONSTANT_CONVERSION = YES;
				CLANG_WARN_DEPRECATED_OBJC_IMPLEMENTATIONS = YES;
				CLANG_WARN_DIRECT_OBJC_ISA_USAGE = YES_ERROR;
				CLANG_WARN_DOCUMENTATION_COMMENTS = YES;
				CLANG_WARN_EMPTY_BODY = YES;
				CLANG_WARN_ENUM_CONVERSION = YES;
				CLANG_WARN_INFINITE_RECURSION = YES;
				CLANG_WARN_INT_CONVERSION = YES;
				CLANG_WARN_NON_LITERAL_NULL_CONVERSION = YES;
				CLANG_WARN_OBJC_IMPLICIT_RETAIN_SELF = YES;
				CLANG_WARN_OBJC_LITERAL_CONVERSION = YES;
				CLANG_WARN_OBJC_ROOT_CLASS = YES_ERROR;
				CLANG_WARN_RANGE_LOOP_ANALYSIS = YES;
				CLANG_WARN_STRICT_PROTOTYPES = YES;
				CLANG_WARN_SUSPICIOUS_MOVE = YES;
				CLANG_WARN_UNGUARDED_AVAILABILITY = YES_AGGRESSIVE;
				CLANG_WARN_UNREACHABLE_CODE = YES;
				CLANG_WARN__DUPLICATE_METHOD_MATCH = YES;
				COPY_PHASE_STRIP = NO;
				DEBUG_INFORMATION_FORMAT = dwarf;
				ENABLE_STRICT_OBJC_MSGSEND = YES;
				ENABLE_TESTABILITY = YES;
				GCC_C_LANGUAGE_STANDARD = gnu11;
				GCC_DYNAMIC_NO_PIC = NO;
				GCC_NO_COMMON_BLOCKS = YES;
				GCC_OPTIMIZATION_LEVEL = 0;
				GCC_PREPROCESSOR_DEFINITIONS = (
					"DEBUG=1",
					"$(inherited)",
				);
				GCC_WARN_64_TO_32_BIT_CONVERSION = YES;
				GCC_WARN_ABOUT_RETURN_TYPE = YES_ERROR;
				GCC_WARN_UNDECLARED_SELECTOR = YES;
				GCC_WARN_UNINITIALIZED_AUTOS = YES_AGGRESSIVE;
				GCC_WARN_UNUSED_FUNCTION = YES;
				GCC_WARN_UNUSED_VARIABLE = YES;
				IPHONEOS_DEPLOYMENT_TARGET = 13.7;
				MTL_ENABLE_DEBUG_INFO = INCLUDE_SOURCE;
				MTL_FAST_MATH = YES;
				ONLY_ACTIVE_ARCH = YES;
				SDKROOT = iphoneos;
				SWIFT_ACTIVE_COMPILATION_CONDITIONS = DEBUG;
				SWIFT_OPTIMIZATION_LEVEL = "-Onone";
			};
			name = DebugProd;
		};
		28861DEC2503E375003F0B88 /* ReleaseDev */ = {
			isa = XCBuildConfiguration;
			buildSettings = {
				ALWAYS_SEARCH_USER_PATHS = NO;
				CLANG_ANALYZER_NONNULL = YES;
				CLANG_ANALYZER_NUMBER_OBJECT_CONVERSION = YES_AGGRESSIVE;
				CLANG_CXX_LANGUAGE_STANDARD = "gnu++14";
				CLANG_CXX_LIBRARY = "libc++";
				CLANG_ENABLE_MODULES = YES;
				CLANG_ENABLE_OBJC_ARC = YES;
				CLANG_ENABLE_OBJC_WEAK = YES;
				CLANG_WARN_BLOCK_CAPTURE_AUTORELEASING = YES;
				CLANG_WARN_BOOL_CONVERSION = YES;
				CLANG_WARN_COMMA = YES;
				CLANG_WARN_CONSTANT_CONVERSION = YES;
				CLANG_WARN_DEPRECATED_OBJC_IMPLEMENTATIONS = YES;
				CLANG_WARN_DIRECT_OBJC_ISA_USAGE = YES_ERROR;
				CLANG_WARN_DOCUMENTATION_COMMENTS = YES;
				CLANG_WARN_EMPTY_BODY = YES;
				CLANG_WARN_ENUM_CONVERSION = YES;
				CLANG_WARN_INFINITE_RECURSION = YES;
				CLANG_WARN_INT_CONVERSION = YES;
				CLANG_WARN_NON_LITERAL_NULL_CONVERSION = YES;
				CLANG_WARN_OBJC_IMPLICIT_RETAIN_SELF = YES;
				CLANG_WARN_OBJC_LITERAL_CONVERSION = YES;
				CLANG_WARN_OBJC_ROOT_CLASS = YES_ERROR;
				CLANG_WARN_RANGE_LOOP_ANALYSIS = YES;
				CLANG_WARN_STRICT_PROTOTYPES = YES;
				CLANG_WARN_SUSPICIOUS_MOVE = YES;
				CLANG_WARN_UNGUARDED_AVAILABILITY = YES_AGGRESSIVE;
				CLANG_WARN_UNREACHABLE_CODE = YES;
				CLANG_WARN__DUPLICATE_METHOD_MATCH = YES;
				COPY_PHASE_STRIP = NO;
				DEBUG_INFORMATION_FORMAT = "dwarf-with-dsym";
				ENABLE_NS_ASSERTIONS = NO;
				ENABLE_STRICT_OBJC_MSGSEND = YES;
				GCC_C_LANGUAGE_STANDARD = gnu11;
				GCC_NO_COMMON_BLOCKS = YES;
				GCC_WARN_64_TO_32_BIT_CONVERSION = YES;
				GCC_WARN_ABOUT_RETURN_TYPE = YES_ERROR;
				GCC_WARN_UNDECLARED_SELECTOR = YES;
				GCC_WARN_UNINITIALIZED_AUTOS = YES_AGGRESSIVE;
				GCC_WARN_UNUSED_FUNCTION = YES;
				GCC_WARN_UNUSED_VARIABLE = YES;
				IPHONEOS_DEPLOYMENT_TARGET = 13.7;
				MTL_ENABLE_DEBUG_INFO = NO;
				MTL_FAST_MATH = YES;
				SDKROOT = iphoneos;
				SWIFT_ACTIVE_COMPILATION_CONDITIONS = DEV_BUILD;
				SWIFT_COMPILATION_MODE = wholemodule;
				SWIFT_OPTIMIZATION_LEVEL = "-O";
				VALIDATE_PRODUCT = YES;
			};
			name = ReleaseDev;
		};
		28861DEE2503E375003F0B88 /* DebugProd */ = {
			isa = XCBuildConfiguration;
			buildSettings = {
				ASSETCATALOG_COMPILER_APPICON_NAME = AppIcon;
				CODE_SIGN_STYLE = Automatic;
				DEVELOPMENT_TEAM = 5BG2HQRVX8;
				INFOPLIST_FILE = CoolCounter/Info.plist;
				IPHONEOS_DEPLOYMENT_TARGET = 13.0;
				LD_RUNPATH_SEARCH_PATHS = (
					"$(inherited)",
					"@executable_path/Frameworks",
				);
				MARKETING_VERSION = 0.0.1;
				PRODUCT_BUNDLE_IDENTIFIER = com.zgluis.CoolCounter;
				PRODUCT_NAME = "$(TARGET_NAME)";
				SWIFT_VERSION = 5.0;
				TARGETED_DEVICE_FAMILY = "1,2";
			};
			name = DebugProd;
		};
		28861DEF2503E375003F0B88 /* ReleaseDev */ = {
			isa = XCBuildConfiguration;
			buildSettings = {
				ASSETCATALOG_COMPILER_APPICON_NAME = AppIcon;
				CODE_SIGN_STYLE = Automatic;
				DEVELOPMENT_TEAM = 5BG2HQRVX8;
				INFOPLIST_FILE = CoolCounter/Info.plist;
				IPHONEOS_DEPLOYMENT_TARGET = 13.0;
				LD_RUNPATH_SEARCH_PATHS = (
					"$(inherited)",
					"@executable_path/Frameworks",
				);
				MARKETING_VERSION = 0.0.1;
				PRODUCT_BUNDLE_IDENTIFIER = dev.zgluis.CoolCounter;
				PRODUCT_NAME = "$(TARGET_NAME) Dev";
				SWIFT_VERSION = 5.0;
				TARGETED_DEVICE_FAMILY = "1,2";
			};
			name = ReleaseDev;
		};
		28861DF12503E375003F0B88 /* DebugProd */ = {
			isa = XCBuildConfiguration;
			buildSettings = {
				ALWAYS_EMBED_SWIFT_STANDARD_LIBRARIES = YES;
				BUNDLE_LOADER = "$(TEST_HOST)";
				CODE_SIGN_STYLE = Automatic;
				DEVELOPMENT_TEAM = 5BG2HQRVX8;
				INFOPLIST_FILE = CoolCounterTests/Info.plist;
				IPHONEOS_DEPLOYMENT_TARGET = 13.7;
				LD_RUNPATH_SEARCH_PATHS = (
					"$(inherited)",
					"@executable_path/Frameworks",
					"@loader_path/Frameworks",
				);
				PRODUCT_BUNDLE_IDENTIFIER = com.zgluis.CoolCounterTests;
				PRODUCT_NAME = "$(TARGET_NAME)";
				SWIFT_VERSION = 5.0;
				TARGETED_DEVICE_FAMILY = "1,2";
				TEST_HOST = "$(BUILT_PRODUCTS_DIR)/CoolCounter.app/CoolCounter";
			};
			name = DebugProd;
		};
		28861DF22503E375003F0B88 /* ReleaseDev */ = {
			isa = XCBuildConfiguration;
			buildSettings = {
				ALWAYS_EMBED_SWIFT_STANDARD_LIBRARIES = YES;
				BUNDLE_LOADER = "$(TEST_HOST)";
				CODE_SIGN_STYLE = Automatic;
				DEVELOPMENT_TEAM = 5BG2HQRVX8;
				INFOPLIST_FILE = CoolCounterTests/Info.plist;
				IPHONEOS_DEPLOYMENT_TARGET = 13.7;
				LD_RUNPATH_SEARCH_PATHS = (
					"$(inherited)",
					"@executable_path/Frameworks",
					"@loader_path/Frameworks",
				);
				PRODUCT_BUNDLE_IDENTIFIER = com.zgluis.CoolCounterTests;
				PRODUCT_NAME = "$(TARGET_NAME)";
				SWIFT_VERSION = 5.0;
				TARGETED_DEVICE_FAMILY = "1,2";
				TEST_HOST = "$(BUILT_PRODUCTS_DIR)/CoolCounter.app/CoolCounter";
			};
			name = ReleaseDev;
		};
		28861DF42503E375003F0B88 /* DebugProd */ = {
			isa = XCBuildConfiguration;
			buildSettings = {
				ALWAYS_EMBED_SWIFT_STANDARD_LIBRARIES = YES;
				CODE_SIGN_STYLE = Automatic;
				DEVELOPMENT_TEAM = 5BG2HQRVX8;
				INFOPLIST_FILE = CoolCounterUITests/Info.plist;
				LD_RUNPATH_SEARCH_PATHS = (
					"$(inherited)",
					"@executable_path/Frameworks",
					"@loader_path/Frameworks",
				);
				PRODUCT_BUNDLE_IDENTIFIER = com.zgluis.CoolCounterUITests;
				PRODUCT_NAME = "$(TARGET_NAME)";
				SWIFT_VERSION = 5.0;
				TARGETED_DEVICE_FAMILY = "1,2";
				TEST_TARGET_NAME = CoolCounter;
			};
			name = DebugProd;
		};
		28861DF52503E375003F0B88 /* ReleaseDev */ = {
			isa = XCBuildConfiguration;
			buildSettings = {
				ALWAYS_EMBED_SWIFT_STANDARD_LIBRARIES = YES;
				CODE_SIGN_STYLE = Automatic;
				DEVELOPMENT_TEAM = 5BG2HQRVX8;
				INFOPLIST_FILE = CoolCounterUITests/Info.plist;
				LD_RUNPATH_SEARCH_PATHS = (
					"$(inherited)",
					"@executable_path/Frameworks",
					"@loader_path/Frameworks",
				);
				PRODUCT_BUNDLE_IDENTIFIER = com.zgluis.CoolCounterUITests;
				PRODUCT_NAME = "$(TARGET_NAME)";
				SWIFT_VERSION = 5.0;
				TARGETED_DEVICE_FAMILY = "1,2";
				TEST_TARGET_NAME = CoolCounter;
			};
			name = ReleaseDev;
		};
		28B5F430250404F20031B8FB /* DebugDev */ = {
			isa = XCBuildConfiguration;
			buildSettings = {
				ALWAYS_SEARCH_USER_PATHS = NO;
				CLANG_ANALYZER_NONNULL = YES;
				CLANG_ANALYZER_NUMBER_OBJECT_CONVERSION = YES_AGGRESSIVE;
				CLANG_CXX_LANGUAGE_STANDARD = "gnu++14";
				CLANG_CXX_LIBRARY = "libc++";
				CLANG_ENABLE_MODULES = YES;
				CLANG_ENABLE_OBJC_ARC = YES;
				CLANG_ENABLE_OBJC_WEAK = YES;
				CLANG_WARN_BLOCK_CAPTURE_AUTORELEASING = YES;
				CLANG_WARN_BOOL_CONVERSION = YES;
				CLANG_WARN_COMMA = YES;
				CLANG_WARN_CONSTANT_CONVERSION = YES;
				CLANG_WARN_DEPRECATED_OBJC_IMPLEMENTATIONS = YES;
				CLANG_WARN_DIRECT_OBJC_ISA_USAGE = YES_ERROR;
				CLANG_WARN_DOCUMENTATION_COMMENTS = YES;
				CLANG_WARN_EMPTY_BODY = YES;
				CLANG_WARN_ENUM_CONVERSION = YES;
				CLANG_WARN_INFINITE_RECURSION = YES;
				CLANG_WARN_INT_CONVERSION = YES;
				CLANG_WARN_NON_LITERAL_NULL_CONVERSION = YES;
				CLANG_WARN_OBJC_IMPLICIT_RETAIN_SELF = YES;
				CLANG_WARN_OBJC_LITERAL_CONVERSION = YES;
				CLANG_WARN_OBJC_ROOT_CLASS = YES_ERROR;
				CLANG_WARN_RANGE_LOOP_ANALYSIS = YES;
				CLANG_WARN_STRICT_PROTOTYPES = YES;
				CLANG_WARN_SUSPICIOUS_MOVE = YES;
				CLANG_WARN_UNGUARDED_AVAILABILITY = YES_AGGRESSIVE;
				CLANG_WARN_UNREACHABLE_CODE = YES;
				CLANG_WARN__DUPLICATE_METHOD_MATCH = YES;
				COPY_PHASE_STRIP = NO;
				DEBUG_INFORMATION_FORMAT = dwarf;
				ENABLE_STRICT_OBJC_MSGSEND = YES;
				ENABLE_TESTABILITY = YES;
				GCC_C_LANGUAGE_STANDARD = gnu11;
				GCC_DYNAMIC_NO_PIC = NO;
				GCC_NO_COMMON_BLOCKS = YES;
				GCC_OPTIMIZATION_LEVEL = 0;
				GCC_PREPROCESSOR_DEFINITIONS = (
					"DEBUG=1",
					"$(inherited)",
				);
				GCC_WARN_64_TO_32_BIT_CONVERSION = YES;
				GCC_WARN_ABOUT_RETURN_TYPE = YES_ERROR;
				GCC_WARN_UNDECLARED_SELECTOR = YES;
				GCC_WARN_UNINITIALIZED_AUTOS = YES_AGGRESSIVE;
				GCC_WARN_UNUSED_FUNCTION = YES;
				GCC_WARN_UNUSED_VARIABLE = YES;
				IPHONEOS_DEPLOYMENT_TARGET = 13.7;
				MTL_ENABLE_DEBUG_INFO = INCLUDE_SOURCE;
				MTL_FAST_MATH = YES;
				ONLY_ACTIVE_ARCH = YES;
				SDKROOT = iphoneos;
				SWIFT_ACTIVE_COMPILATION_CONDITIONS = "DEBUG DEV_BUILD";
				SWIFT_OPTIMIZATION_LEVEL = "-Onone";
			};
			name = DebugDev;
		};
		28B5F431250404F20031B8FB /* DebugDev */ = {
			isa = XCBuildConfiguration;
			buildSettings = {
				ASSETCATALOG_COMPILER_APPICON_NAME = AppIcon;
				CODE_SIGN_STYLE = Automatic;
				DEVELOPMENT_TEAM = 5BG2HQRVX8;
				INFOPLIST_FILE = CoolCounter/Info.plist;
				IPHONEOS_DEPLOYMENT_TARGET = 13.0;
				LD_RUNPATH_SEARCH_PATHS = (
					"$(inherited)",
					"@executable_path/Frameworks",
				);
				MARKETING_VERSION = 0.0.1;
				PRODUCT_BUNDLE_IDENTIFIER = dev.zgluis.CoolCounter;
				PRODUCT_NAME = "$(TARGET_NAME) Dev";
				SWIFT_VERSION = 5.0;
				TARGETED_DEVICE_FAMILY = "1,2";
			};
			name = DebugDev;
		};
		28B5F432250404F20031B8FB /* DebugDev */ = {
			isa = XCBuildConfiguration;
			buildSettings = {
				ALWAYS_EMBED_SWIFT_STANDARD_LIBRARIES = YES;
				BUNDLE_LOADER = "$(TEST_HOST)";
				CODE_SIGN_STYLE = Automatic;
				DEVELOPMENT_TEAM = 5BG2HQRVX8;
				INFOPLIST_FILE = CoolCounterTests/Info.plist;
				IPHONEOS_DEPLOYMENT_TARGET = 13.7;
				LD_RUNPATH_SEARCH_PATHS = (
					"$(inherited)",
					"@executable_path/Frameworks",
					"@loader_path/Frameworks",
				);
				PRODUCT_BUNDLE_IDENTIFIER = com.zgluis.CoolCounterTests;
				PRODUCT_NAME = "$(TARGET_NAME)";
				SWIFT_VERSION = 5.0;
				TARGETED_DEVICE_FAMILY = "1,2";
				TEST_HOST = "$(BUILT_PRODUCTS_DIR)/CoolCounter.app/CoolCounter";
			};
			name = DebugDev;
		};
		28B5F433250404F20031B8FB /* DebugDev */ = {
			isa = XCBuildConfiguration;
			buildSettings = {
				ALWAYS_EMBED_SWIFT_STANDARD_LIBRARIES = YES;
				CODE_SIGN_STYLE = Automatic;
				DEVELOPMENT_TEAM = 5BG2HQRVX8;
				INFOPLIST_FILE = CoolCounterUITests/Info.plist;
				LD_RUNPATH_SEARCH_PATHS = (
					"$(inherited)",
					"@executable_path/Frameworks",
					"@loader_path/Frameworks",
				);
				PRODUCT_BUNDLE_IDENTIFIER = com.zgluis.CoolCounterUITests;
				PRODUCT_NAME = "$(TARGET_NAME)";
				SWIFT_VERSION = 5.0;
				TARGETED_DEVICE_FAMILY = "1,2";
				TEST_TARGET_NAME = CoolCounter;
			};
			name = DebugDev;
		};
		28B5F434250405080031B8FB /* ReleasProd */ = {
			isa = XCBuildConfiguration;
			buildSettings = {
				ALWAYS_SEARCH_USER_PATHS = NO;
				CLANG_ANALYZER_NONNULL = YES;
				CLANG_ANALYZER_NUMBER_OBJECT_CONVERSION = YES_AGGRESSIVE;
				CLANG_CXX_LANGUAGE_STANDARD = "gnu++14";
				CLANG_CXX_LIBRARY = "libc++";
				CLANG_ENABLE_MODULES = YES;
				CLANG_ENABLE_OBJC_ARC = YES;
				CLANG_ENABLE_OBJC_WEAK = YES;
				CLANG_WARN_BLOCK_CAPTURE_AUTORELEASING = YES;
				CLANG_WARN_BOOL_CONVERSION = YES;
				CLANG_WARN_COMMA = YES;
				CLANG_WARN_CONSTANT_CONVERSION = YES;
				CLANG_WARN_DEPRECATED_OBJC_IMPLEMENTATIONS = YES;
				CLANG_WARN_DIRECT_OBJC_ISA_USAGE = YES_ERROR;
				CLANG_WARN_DOCUMENTATION_COMMENTS = YES;
				CLANG_WARN_EMPTY_BODY = YES;
				CLANG_WARN_ENUM_CONVERSION = YES;
				CLANG_WARN_INFINITE_RECURSION = YES;
				CLANG_WARN_INT_CONVERSION = YES;
				CLANG_WARN_NON_LITERAL_NULL_CONVERSION = YES;
				CLANG_WARN_OBJC_IMPLICIT_RETAIN_SELF = YES;
				CLANG_WARN_OBJC_LITERAL_CONVERSION = YES;
				CLANG_WARN_OBJC_ROOT_CLASS = YES_ERROR;
				CLANG_WARN_RANGE_LOOP_ANALYSIS = YES;
				CLANG_WARN_STRICT_PROTOTYPES = YES;
				CLANG_WARN_SUSPICIOUS_MOVE = YES;
				CLANG_WARN_UNGUARDED_AVAILABILITY = YES_AGGRESSIVE;
				CLANG_WARN_UNREACHABLE_CODE = YES;
				CLANG_WARN__DUPLICATE_METHOD_MATCH = YES;
				COPY_PHASE_STRIP = NO;
				DEBUG_INFORMATION_FORMAT = "dwarf-with-dsym";
				ENABLE_NS_ASSERTIONS = NO;
				ENABLE_STRICT_OBJC_MSGSEND = YES;
				GCC_C_LANGUAGE_STANDARD = gnu11;
				GCC_NO_COMMON_BLOCKS = YES;
				GCC_WARN_64_TO_32_BIT_CONVERSION = YES;
				GCC_WARN_ABOUT_RETURN_TYPE = YES_ERROR;
				GCC_WARN_UNDECLARED_SELECTOR = YES;
				GCC_WARN_UNINITIALIZED_AUTOS = YES_AGGRESSIVE;
				GCC_WARN_UNUSED_FUNCTION = YES;
				GCC_WARN_UNUSED_VARIABLE = YES;
				IPHONEOS_DEPLOYMENT_TARGET = 13.7;
				MTL_ENABLE_DEBUG_INFO = NO;
				MTL_FAST_MATH = YES;
				SDKROOT = iphoneos;
				SWIFT_COMPILATION_MODE = wholemodule;
				SWIFT_OPTIMIZATION_LEVEL = "-O";
				VALIDATE_PRODUCT = YES;
			};
			name = ReleasProd;
		};
		28B5F435250405080031B8FB /* ReleasProd */ = {
			isa = XCBuildConfiguration;
			buildSettings = {
				ASSETCATALOG_COMPILER_APPICON_NAME = AppIcon;
				CODE_SIGN_STYLE = Automatic;
				DEVELOPMENT_TEAM = 5BG2HQRVX8;
				INFOPLIST_FILE = CoolCounter/Info.plist;
				IPHONEOS_DEPLOYMENT_TARGET = 13.0;
				LD_RUNPATH_SEARCH_PATHS = (
					"$(inherited)",
					"@executable_path/Frameworks",
				);
				MARKETING_VERSION = 0.0.1;
				PRODUCT_BUNDLE_IDENTIFIER = com.zgluis.CoolCounter;
				PRODUCT_NAME = "$(TARGET_NAME)";
				SWIFT_VERSION = 5.0;
				TARGETED_DEVICE_FAMILY = "1,2";
			};
			name = ReleasProd;
		};
		28B5F436250405080031B8FB /* ReleasProd */ = {
			isa = XCBuildConfiguration;
			buildSettings = {
				ALWAYS_EMBED_SWIFT_STANDARD_LIBRARIES = YES;
				BUNDLE_LOADER = "$(TEST_HOST)";
				CODE_SIGN_STYLE = Automatic;
				DEVELOPMENT_TEAM = 5BG2HQRVX8;
				INFOPLIST_FILE = CoolCounterTests/Info.plist;
				IPHONEOS_DEPLOYMENT_TARGET = 13.7;
				LD_RUNPATH_SEARCH_PATHS = (
					"$(inherited)",
					"@executable_path/Frameworks",
					"@loader_path/Frameworks",
				);
				PRODUCT_BUNDLE_IDENTIFIER = com.zgluis.CoolCounterTests;
				PRODUCT_NAME = "$(TARGET_NAME)";
				SWIFT_VERSION = 5.0;
				TARGETED_DEVICE_FAMILY = "1,2";
				TEST_HOST = "$(BUILT_PRODUCTS_DIR)/CoolCounter.app/CoolCounter";
			};
			name = ReleasProd;
		};
		28B5F437250405080031B8FB /* ReleasProd */ = {
			isa = XCBuildConfiguration;
			buildSettings = {
				ALWAYS_EMBED_SWIFT_STANDARD_LIBRARIES = YES;
				CODE_SIGN_STYLE = Automatic;
				DEVELOPMENT_TEAM = 5BG2HQRVX8;
				INFOPLIST_FILE = CoolCounterUITests/Info.plist;
				LD_RUNPATH_SEARCH_PATHS = (
					"$(inherited)",
					"@executable_path/Frameworks",
					"@loader_path/Frameworks",
				);
				PRODUCT_BUNDLE_IDENTIFIER = com.zgluis.CoolCounterUITests;
				PRODUCT_NAME = "$(TARGET_NAME)";
				SWIFT_VERSION = 5.0;
				TARGETED_DEVICE_FAMILY = "1,2";
				TEST_TARGET_NAME = CoolCounter;
			};
			name = ReleasProd;
		};
/* End XCBuildConfiguration section */

/* Begin XCConfigurationList section */
		28861DBB2503E372003F0B88 /* Build configuration list for PBXProject "CoolCounter" */ = {
			isa = XCConfigurationList;
			buildConfigurations = (
				28861DEB2503E375003F0B88 /* DebugProd */,
				28B5F430250404F20031B8FB /* DebugDev */,
				28861DEC2503E375003F0B88 /* ReleaseDev */,
				28B5F434250405080031B8FB /* ReleasProd */,
			);
			defaultConfigurationIsVisible = 0;
			defaultConfigurationName = ReleasProd;
		};
		28861DED2503E375003F0B88 /* Build configuration list for PBXNativeTarget "CoolCounter" */ = {
			isa = XCConfigurationList;
			buildConfigurations = (
				28861DEE2503E375003F0B88 /* DebugProd */,
				28B5F431250404F20031B8FB /* DebugDev */,
				28861DEF2503E375003F0B88 /* ReleaseDev */,
				28B5F435250405080031B8FB /* ReleasProd */,
			);
			defaultConfigurationIsVisible = 0;
			defaultConfigurationName = ReleasProd;
		};
		28861DF02503E375003F0B88 /* Build configuration list for PBXNativeTarget "CoolCounterTests" */ = {
			isa = XCConfigurationList;
			buildConfigurations = (
				28861DF12503E375003F0B88 /* DebugProd */,
				28B5F432250404F20031B8FB /* DebugDev */,
				28861DF22503E375003F0B88 /* ReleaseDev */,
				28B5F436250405080031B8FB /* ReleasProd */,
			);
			defaultConfigurationIsVisible = 0;
			defaultConfigurationName = ReleasProd;
		};
		28861DF32503E375003F0B88 /* Build configuration list for PBXNativeTarget "CoolCounterUITests" */ = {
			isa = XCConfigurationList;
			buildConfigurations = (
				28861DF42503E375003F0B88 /* DebugProd */,
				28B5F433250404F20031B8FB /* DebugDev */,
				28861DF52503E375003F0B88 /* ReleaseDev */,
				28B5F437250405080031B8FB /* ReleasProd */,
			);
			defaultConfigurationIsVisible = 0;
			defaultConfigurationName = ReleasProd;
		};
/* End XCConfigurationList section */

/* Begin XCVersionGroup section */
		28861DCC2503E372003F0B88 /* CoolCounter.xcdatamodeld */ = {
			isa = XCVersionGroup;
			children = (
				28861DCD2503E372003F0B88 /* CoolCounter.xcdatamodel */,
			);
			currentVersion = 28861DCD2503E372003F0B88 /* CoolCounter.xcdatamodel */;
			path = CoolCounter.xcdatamodeld;
			sourceTree = "<group>";
			versionGroupType = wrapper.xcdatamodel;
		};
/* End XCVersionGroup section */
	};
	rootObject = 28861DB82503E372003F0B88 /* Project object */;
}
